{
  "name": "n8n-creator",
  "version": "1.0.3",
  "lockfileVersion": 3,
  "requires": true,
  "packages": {
    "": {
      "name": "n8n-creator",
      "version": "1.0.3",
      "dependencies": {
        "@lhi/tdd-audit": "^1.4.1",
        "dotenv": "^16.4.7"
      },
      "devDependencies": {},
      "engines": {
        "node": ">=18"
      }
    },
    "node_modules/@lhi/tdd-audit": {
      "version": "1.4.1",
      "resolved": "https://registry.npmjs.org/@lhi/tdd-audit/-/tdd-audit-1.4.1.tgz",
      "integrity": "sha512-zQOdKm4Ct2xWW0QZCoam+Sphkn+L4Q6zu+nGH2IIw+1mU0NtznwqMLU260aPenRS12dfY1dbIIy1KnRKLvJk7g==",
      "license": "MIT",
      "bin": {
        "tdd-audit": "index.js"
      },
      "engines": {
        "node": ">=16.7.0"
      }
    },
    "node_modules/dotenv": {
      "version": "16.6.1",
      "resolved": "https://registry.npmjs.org/dotenv/-/dotenv-16.6.1.tgz",
      "integrity": "sha512-uBq4egWHTcTt33a72vpSG0z3HnPuIl6NqYcTrKEg2azoEyl2hpW0zqlxysq2pK9HlDIHyHyakeYaYnSAwd8bow==",
      "license": "BSD-2-Clause",
      "engines": {
        "node": ">=12"
      },
      "funding": {
        "url": "https://dotenvx.com"
      }
    }
  }
}
